
Microsoft Visual Studio Solution File, Format Version 12.00
# Visual Studio Version 16
VisualStudioVersion = 16.0.30503.244
MinimumVisualStudioVersion = 10.0.40219.1
Project("{8BC9CEB8-8B4A-11D0-8D11-00A0C91BC942}") = "chess", "chess.vcxproj", "{9A0BFB15-0854-4541-8372-FCCD9647D033}"
EndProject
Global
	GlobalSection(SolutionConfigurationPlatforms) = preSolution
		Debug|x64 = Debug|x64
		Debug|x86 = Debug|x86
		Release|x64 = Release|x64
		Release|x86 = Release|x86
	EndGlobalSection
	GlobalSection(ProjectConfigurationPlatforms) = postSolution
		{9A0BFB15-0854-4541-8372-FCCD9647D033}.Debug|x64.ActiveCfg = Debug|x64
		{9A0BFB15-0854-4541-8372-FCCD9647D033}.Debug|x64.Build.0 = Debug|x64
		{9A0BFB15-0854-4541-8372-FCCD9647D033}.Debug|x86.ActiveCfg = Debug|Win32
		{9A0BFB15-0854-4541-8372-FCCD9647D033}.Debug|x86.Build.0 = Debug|Win32
		{9A0BFB15-0854-4541-8372-FCCD9647D033}.Release|x64.ActiveCfg = Release|x64
		{9A0BFB15-0854-4541-8372-FCCD9647D033}.Release|x64.Build.0 = Release|x64
		{9A0BFB15-0854-4541-8372-FCCD9647D033}.Release|x86.ActiveCfg = Release|Win32
		{9A0BFB15-0854-4541-8372-FCCD9647D033}.Release|x86.Build.0 = Release|Win32
	EndGlobalSection
	GlobalSection(SolutionProperties) = preSolution
		HideSolutionNode = FALSE
	EndGlobalSection
	GlobalSection(ExtensibilityGlobals) = postSolution
		SolutionGuid = {D1E8602E-A715-4895-8910-3A529E11C231}
	EndGlobalSection
EndGlobal
